// !$*UTF8*$!
{
	archiveVersion = 1;
	classes = {
	};
	objectVersion = 46;
	objects = {

/* Begin PBXBuildFile section */
		1C54BC9E15BE839000D6E706 /* UIKit.framework in Frameworks */ = {isa = PBXBuildFile; fileRef = 1C54BC9D15BE839000D6E706 /* UIKit.framework */; };
		1C54BCA015BE839000D6E706 /* Foundation.framework in Frameworks */ = {isa = PBXBuildFile; fileRef = 1C54BC9F15BE839000D6E706 /* Foundation.framework */; };
		1C54BCA215BE839000D6E706 /* CoreGraphics.framework in Frameworks */ = {isa = PBXBuildFile; fileRef = 1C54BCA115BE839000D6E706 /* CoreGraphics.framework */; };
		1C54BCA815BE839000D6E706 /* InfoPlist.strings in Resources */ = {isa = PBXBuildFile; fileRef = 1C54BCA615BE839000D6E706 /* InfoPlist.strings */; };
		1C54BCAA15BE839000D6E706 /* main.m in Sources */ = {isa = PBXBuildFile; fileRef = 1C54BCA915BE839000D6E706 /* main.m */; };
		1C54BCAE15BE839000D6E706 /* AppDelegate.m in Sources */ = {isa = PBXBuildFile; fileRef = 1C54BCAD15BE839000D6E706 /* AppDelegate.m */; };
		1C54BCD115BE852D00D6E706 /* RoughtSetObject.m in Sources */ = {isa = PBXBuildFile; fileRef = 1C54BCCF15BE852D00D6E706 /* RoughtSetObject.m */; };
		1C54BCD415BE8D7100D6E706 /* DataElement.m in Sources */ = {isa = PBXBuildFile; fileRef = 1C54BCD315BE8D7100D6E706 /* DataElement.m */; };
/* End PBXBuildFile section */

/* Begin PBXFileReference section */
		1C54BC9915BE839000D6E706 /* RoughSet.app */ = {isa = PBXFileReference; explicitFileType = wrapper.application; includeInIndex = 0; path = RoughSet.app; sourceTree = BUILT_PRODUCTS_DIR; };
		1C54BC9D15BE839000D6E706 /* UIKit.framework */ = {isa = PBXFileReference; lastKnownFileType = wrapper.framework; name = UIKit.framework; path = System/Library/Frameworks/UIKit.framework; sourceTree = SDKROOT; };
		1C54BC9F15BE839000D6E706 /* Foundation.framework */ = {isa = PBXFileReference; lastKnownFileType = wrapper.framework; name = Foundation.framework; path = System/Library/Frameworks/Foundation.framework; sourceTree = SDKROOT; };
		1C54BCA115BE839000D6E706 /* CoreGraphics.framework */ = {isa = PBXFileReference; lastKnownFileType = wrapper.framework; name = CoreGraphics.framework; path = System/Library/Frameworks/CoreGraphics.framework; sourceTree = SDKROOT; };
		1C54BCA515BE839000D6E706 /* RoughSet-Info.plist */ = {isa = PBXFileReference; lastKnownFileType = text.plist.xml; path = "RoughSet-Info.plist"; sourceTree = "<group>"; };
		1C54BCA715BE839000D6E706 /* en */ = {isa = PBXFileReference; lastKnownFileType = text.plist.strings; name = en; path = en.lproj/InfoPlist.strings; sourceTree = "<group>"; };
		1C54BCA915BE839000D6E706 /* main.m */ = {isa = PBXFileReference; lastKnownFileType = sourcecode.c.objc; path = main.m; sourceTree = "<group>"; };
		1C54BCAB15BE839000D6E706 /* RoughSet-Prefix.pch */ = {isa = PBXFileReference; lastKnownFileType = sourcecode.c.h; path = "RoughSet-Prefix.pch"; sourceTree = "<group>"; };
		1C54BCAC15BE839000D6E706 /* AppDelegate.h */ = {isa = PBXFileReference; lastKnownFileType = sourcecode.c.h; path = AppDelegate.h; sourceTree = "<group>"; };
		1C54BCAD15BE839000D6E706 /* AppDelegate.m */ = {isa = PBXFileReference; lastKnownFileType = sourcecode.c.objc; path = AppDelegate.m; sourceTree = "<group>"; };
		1C54BCB515BE839000D6E706 /* SenTestingKit.framework */ = {isa = PBXFileReference; lastKnownFileType = wrapper.framework; name = SenTestingKit.framework; path = Library/Frameworks/SenTestingKit.framework; sourceTree = DEVELOPER_DIR; };
		1C54BCCE15BE852D00D6E706 /* RoughtSetObject.h */ = {isa = PBXFileReference; fileEncoding = 4; lastKnownFileType = sourcecode.c.h; path = RoughtSetObject.h; sourceTree = "<group>"; };
		1C54BCCF15BE852D00D6E706 /* RoughtSetObject.m */ = {isa = PBXFileReference; fileEncoding = 4; lastKnownFileType = sourcecode.c.objc; path = RoughtSetObject.m; sourceTree = "<group>"; };
		1C54BCD215BE8D7100D6E706 /* DataElement.h */ = {isa = PBXFileReference; fileEncoding = 4; lastKnownFileType = sourcecode.c.h; path = DataElement.h; sourceTree = "<group>"; };
		1C54BCD315BE8D7100D6E706 /* DataElement.m */ = {isa = PBXFileReference; fileEncoding = 4; lastKnownFileType = sourcecode.c.objc; path = DataElement.m; sourceTree = "<group>"; };
/* End PBXFileReference section */

/* Begin PBXFrameworksBuildPhase section */
		1C54BC9615BE839000D6E706 /* Frameworks */ = {
			isa = PBXFrameworksBuildPhase;
			buildActionMask = 2147483647;
			files = (
				1C54BC9E15BE839000D6E706 /* UIKit.framework in Frameworks */,
				1C54BCA015BE839000D6E706 /* Foundation.framework in Frameworks */,
				1C54BCA215BE839000D6E706 /* CoreGraphics.framework in Frameworks */,
			);
			runOnlyForDeploymentPostprocessing = 0;
		};
/* End PBXFrameworksBuildPhase section */

/* Begin PBXGroup section */
		1C54BC8E15BE839000D6E706 = {
			isa = PBXGroup;
			children = (
				1C54BCA315BE839000D6E706 /* RoughSet */,
				1C54BC9C15BE839000D6E706 /* Frameworks */,
				1C54BC9A15BE839000D6E706 /* Products */,
			);
			sourceTree = "<group>";
		};
		1C54BC9A15BE839000D6E706 /* Products */ = {
			isa = PBXGroup;
			children = (
				1C54BC9915BE839000D6E706 /* RoughSet.app */,
			);
			name = Products;
			sourceTree = "<group>";
		};
		1C54BC9C15BE839000D6E706 /* Frameworks */ = {
			isa = PBXGroup;
			children = (
				1C54BC9D15BE839000D6E706 /* UIKit.framework */,
				1C54BC9F15BE839000D6E706 /* Foundation.framework */,
				1C54BCA115BE839000D6E706 /* CoreGraphics.framework */,
				1C54BCB515BE839000D6E706 /* SenTestingKit.framework */,
			);
			name = Frameworks;
			sourceTree = "<group>";
		};
		1C54BCA315BE839000D6E706 /* RoughSet */ = {
			isa = PBXGroup;
			children = (
				1C54BCCC15BE852D00D6E706 /* RoughtSetObject */,
				1C54BCAC15BE839000D6E706 /* AppDelegate.h */,
				1C54BCAD15BE839000D6E706 /* AppDelegate.m */,
				1C54BCA415BE839000D6E706 /* Supporting Files */,
			);
			path = RoughSet;
			sourceTree = "<group>";
		};
		1C54BCA415BE839000D6E706 /* Supporting Files */ = {
			isa = PBXGroup;
			children = (
				1C54BCA515BE839000D6E706 /* RoughSet-Info.plist */,
				1C54BCA615BE839000D6E706 /* InfoPlist.strings */,
				1C54BCA915BE839000D6E706 /* main.m */,
				1C54BCAB15BE839000D6E706 /* RoughSet-Prefix.pch */,
			);
			name = "Supporting Files";
			sourceTree = "<group>";
		};
		1C54BCCC15BE852D00D6E706 /* RoughtSetObject */ = {
			isa = PBXGroup;
			children = (
				1C54BCCE15BE852D00D6E706 /* RoughtSetObject.h */,
				1C54BCCF15BE852D00D6E706 /* RoughtSetObject.m */,
				1C54BCD215BE8D7100D6E706 /* DataElement.h */,
				1C54BCD315BE8D7100D6E706 /* DataElement.m */,
			);
			path = RoughtSetObject;
			sourceTree = "<group>";
		};
/* End PBXGroup section */

/* Begin PBXNativeTarget section */
		1C54BC9815BE839000D6E706 /* RoughSet */ = {
			isa = PBXNativeTarget;
			buildConfigurationList = 1C54BCC615BE839000D6E706 /* Build configuration list for PBXNativeTarget "RoughSet" */;
			buildPhases = (
				1C54BC9515BE839000D6E706 /* Sources */,
				1C54BC9615BE839000D6E706 /* Frameworks */,
				1C54BC9715BE839000D6E706 /* Resources */,
			);
			buildRules = (
			);
			dependencies = (
			);
			name = RoughSet;
			productName = RoughSet;
			productReference = 1C54BC9915BE839000D6E706 /* RoughSet.app */;
			productType = "com.apple.product-type.application";
		};
/* End PBXNativeTarget section */

/* Begin PBXProject section */
		1C54BC9015BE839000D6E706 /* Project object */ = {
			isa = PBXProject;
			attributes = {
				LastUpgradeCheck = 0430;
			};
			buildConfigurationList = 1C54BC9315BE839000D6E706 /* Build configuration list for PBXProject "RoughSet" */;
			compatibilityVersion = "Xcode 3.2";
			developmentRegion = English;
			hasScannedForEncodings = 0;
			knownRegions = (
				en,
			);
			mainGroup = 1C54BC8E15BE839000D6E706;
			productRefGroup = 1C54BC9A15BE839000D6E706 /* Products */;
			projectDirPath = "";
			projectRoot = "";
			targets = (
				1C54BC9815BE839000D6E706 /* RoughSet */,
			);
		};
/* End PBXProject section */

/* Begin PBXResourcesBuildPhase section */
		1C54BC9715BE839000D6E706 /* Resources */ = {
			isa = PBXResourcesBuildPhase;
			buildActionMask = 2147483647;
			files = (
				1C54BCA815BE839000D6E706 /* InfoPlist.strings in Resources */,
			);
			runOnlyForDeploymentPostprocessing = 0;
		};
/* End PBXResourcesBuildPhase section */

/* Begin PBXSourcesBuildPhase section */
		1C54BC9515BE839000D6E706 /* Sources */ = {
			isa = PBXSourcesBuildPhase;
			buildActionMask = 2147483647;
			files = (
				1C54BCAA15BE839000D6E706 /* main.m in Sources */,
				1C54BCAE15BE839000D6E706 /* AppDelegate.m in Sources */,
				1C54BCD115BE852D00D6E706 /* RoughtSetObject.m in Sources */,
				1C54BCD415BE8D7100D6E706 /* DataElement.m in Sources */,
			);
			runOnlyForDeploymentPostprocessing = 0;
		};
/* End PBXSourcesBuildPhase section */

/* Begin PBXVariantGroup section */
		1C54BCA615BE839000D6E706 /* InfoPlist.strings */ = {
			isa = PBXVariantGroup;
			children = (
				1C54BCA715BE839000D6E706 /* en */,
			);
			name = InfoPlist.strings;
			sourceTree = "<group>";
		};
/* End PBXVariantGroup section */

/* Begin XCBuildConfiguration section */
		1C54BCC415BE839000D6E706 /* Debug */ = {
			isa = XCBuildConfiguration;
			buildSettings = {
				ALWAYS_SEARCH_USER_PATHS = NO;
				ARCHS = "$(ARCHS_STANDARD_32_BIT)";
				CLANG_ENABLE_OBJC_ARC = NO;
				"CODE_SIGN_IDENTITY[sdk=iphoneos*]" = "iPhone Developer";
				COPY_PHASE_STRIP = NO;
				GCC_C_LANGUAGE_STANDARD = gnu99;
				GCC_DYNAMIC_NO_PIC = NO;
				GCC_OPTIMIZATION_LEVEL = 0;
				GCC_PREPROCESSOR_DEFINITIONS = (
					"DEBUG=1",
					"$(inherited)",
				);
				GCC_SYMBOLS_PRIVATE_EXTERN = NO;
				GCC_VERSION = com.apple.compilers.llvm.clang.1_0;
				GCC_WARN_ABOUT_RETURN_TYPE = YES;
				GCC_WARN_UNINITIALIZED_AUTOS = YES;
				GCC_WARN_UNUSED_VARIABLE = YES;
				IPHONEOS_DEPLOYMENT_TARGET = 5.1;
				SDKROOT = iphoneos;
			};
			name = Debug;
		};
		1C54BCC515BE839000D6E706 /* Release */ = {
			isa = XCBuildConfiguration;
			buildSettings = {
				ALWAYS_SEARCH_USER_PATHS = NO;
				ARCHS = "$(ARCHS_STANDARD_32_BIT)";
				CLANG_ENABLE_OBJC_ARC = NO;
				"CODE_SIGN_IDENTITY[sdk=iphoneos*]" = "iPhone Developer";
				COPY_PHASE_STRIP = YES;
				GCC_C_LANGUAGE_STANDARD = gnu99;
				GCC_VERSION = com.apple.compilers.llvm.clang.1_0;
				GCC_WARN_ABOUT_RETURN_TYPE = YES;
				GCC_WARN_UNINITIALIZED_AUTOS = YES;
				GCC_WARN_UNUSED_VARIABLE = YES;
				IPHONEOS_DEPLOYMENT_TARGET = 5.1;
				OTHER_CFLAGS = "-DNS_BLOCK_ASSERTIONS=1";
				SDKROOT = iphoneos;
				VALIDATE_PRODUCT = YES;
			};
			name = Release;
		};
		1C54BCC715BE839000D6E706 /* Debug */ = {
			isa = XCBuildConfiguration;
			buildSettings = {
				CODE_SIGN_IDENTITY = "iPhone Developer: Chia Hung Hung (BPB23297BQ)";
				GCC_PRECOMPILE_PREFIX_HEADER = YES;
				GCC_PREFIX_HEADER = "RoughSet/RoughSet-Prefix.pch";
				INFOPLIST_FILE = "RoughSet/RoughSet-Info.plist";
				IPHONEOS_DEPLOYMENT_TARGET = 4.3;
				PRODUCT_NAME = "$(TARGET_NAME)";
				PROVISIONING_PROFILE = "DEE68050-55E4-4833-B876-560A10DDF890";
				WRAPPER_EXTENSION = app;
			};
			name = Debug;
		};
		1C54BCC815BE839000D6E706 /* Release */ = {
			isa = XCBuildConfiguration;
			buildSettings = {
				CODE_SIGN_IDENTITY = "iPhone Developer: Chia Hung Hung (BPB23297BQ)";
				GCC_PRECOMPILE_PREFIX_HEADER = YES;
				GCC_PREFIX_HEADER = "RoughSet/RoughSet-Prefix.pch";
				INFOPLIST_FILE = "RoughSet/RoughSet-Info.plist";
				IPHONEOS_DEPLOYMENT_TARGET = 4.3;
				PRODUCT_NAME = "$(TARGET_NAME)";
				PROVISIONING_PROFILE = "DEE68050-55E4-4833-B876-560A10DDF890";
				WRAPPER_EXTENSION = app;
			};
			name = Release;
		};
/* End XCBuildConfiguration section */

/* Begin XCConfigurationList section */
		1C54BC9315BE839000D6E706 /* Build configuration list for PBXProject "RoughSet" */ = {
			isa = XCConfigurationList;
			buildConfigurations = (
				1C54BCC415BE839000D6E706 /* Debug */,
				1C54BCC515BE839000D6E706 /* Release */,
			);
			defaultConfigurationIsVisible = 0;
			defaultConfigurationName = Release;
		};
		1C54BCC615BE839000D6E706 /* Build configuration list for PBXNativeTarget "RoughSet" */ = {
			isa = XCConfigurationList;
			buildConfigurations = (
				1C54BCC715BE839000D6E706 /* Debug */,
				1C54BCC815BE839000D6E706 /* Release */,
			);
			defaultConfigurationIsVisible = 0;
		};
/* End XCConfigurationList section */
	};
	rootObject = 1C54BC9015BE839000D6E706 /* Project object */;
}
