// !$*UTF8*$!
{
	archiveVersion = 1;
	classes = {
	};
	objectVersion = 46;
	objects = {

/* Begin PBXBuildFile section */
		1C54BC9E15BE839000D6E706 /* UIKit.framework in Frameworks */ = {isa = PBXBuildFile; fileRef = 1C54BC9D15BE839000D6E706 /* UIKit.framework */; };
		1C54BCA015BE839000D6E706 /* Foundation.framework in Frameworks */ = {isa = PBXBuildFile; fileRef = 1C54BC9F15BE839000D6E706 /* Foundation.framework */; };
		1C54BCA215BE839000D6E706 /* CoreGraphics.framework in Frameworks */ = {isa = PBXBuildFile; fileRef = 1C54BCA115BE839000D6E706 /* CoreGraphics.framework */; };
		1C54BCA815BE839000D6E706 /* InfoPlist.strings in Resources */ = {isa = PBXBuildFile; fileRef = 1C54BCA615BE839000D6E706 /* InfoPlist.strings */; };
		1C54BCAA15BE839000D6E706 /* main.m in Sources */ = {isa = PBXBuildFile; fileRef = 1C54BCA915BE839000D6E706 /* main.m */; };
		1C54BCAE15BE839000D6E706 /* AppDelegate.m in Sources */ = {isa = PBXBuildFile; fileRef = 1C54BCAD15BE839000D6E706 /* AppDelegate.m */; };
		1C54BCB615BE839000D6E706 /* SenTestingKit.framework in Frameworks */ = {isa = PBXBuildFile; fileRef = 1C54BCB515BE839000D6E706 /* SenTestingKit.framework */; };
		1C54BCB715BE839000D6E706 /* UIKit.framework in Frameworks */ = {isa = PBXBuildFile; fileRef = 1C54BC9D15BE839000D6E706 /* UIKit.framework */; };
		1C54BCB815BE839000D6E706 /* Foundation.framework in Frameworks */ = {isa = PBXBuildFile; fileRef = 1C54BC9F15BE839000D6E706 /* Foundation.framework */; };
		1C54BCC015BE839000D6E706 /* InfoPlist.strings in Resources */ = {isa = PBXBuildFile; fileRef = 1C54BCBE15BE839000D6E706 /* InfoPlist.strings */; };
		1C54BCC315BE839000D6E706 /* RoughSetTests.m in Sources */ = {isa = PBXBuildFile; fileRef = 1C54BCC215BE839000D6E706 /* RoughSetTests.m */; };
/* End PBXBuildFile section */

/* Begin PBXContainerItemProxy section */
		1C54BCB915BE839000D6E706 /* PBXContainerItemProxy */ = {
			isa = PBXContainerItemProxy;
			containerPortal = 1C54BC9015BE839000D6E706 /* Project object */;
			proxyType = 1;
			remoteGlobalIDString = 1C54BC9815BE839000D6E706;
			remoteInfo = RoughSet;
		};
/* End PBXContainerItemProxy section */

/* Begin PBXFileReference section */
		1C54BC9915BE839000D6E706 /* RoughSet.app */ = {isa = PBXFileReference; explicitFileType = wrapper.application; includeInIndex = 0; path = RoughSet.app; sourceTree = BUILT_PRODUCTS_DIR; };
		1C54BC9D15BE839000D6E706 /* UIKit.framework */ = {isa = PBXFileReference; lastKnownFileType = wrapper.framework; name = UIKit.framework; path = System/Library/Frameworks/UIKit.framework; sourceTree = SDKROOT; };
		1C54BC9F15BE839000D6E706 /* Foundation.framework */ = {isa = PBXFileReference; lastKnownFileType = wrapper.framework; name = Foundation.framework; path = System/Library/Frameworks/Foundation.framework; sourceTree = SDKROOT; };
		1C54BCA115BE839000D6E706 /* CoreGraphics.framework */ = {isa = PBXFileReference; lastKnownFileType = wrapper.framework; name = CoreGraphics.framework; path = System/Library/Frameworks/CoreGraphics.framework; sourceTree = SDKROOT; };
		1C54BCA515BE839000D6E706 /* RoughSet-Info.plist */ = {isa = PBXFileReference; path = "RoughSet-Info.plist"; sourceTree = "<group>"; };
		1C54BCA715BE839000D6E706 /* en */ = {isa = PBXFileReference; lastKnownFileType = text.plist.strings; name = en; path = en.lproj/InfoPlist.strings; sourceTree = "<group>"; };
		1C54BCA915BE839000D6E706 /* main.m */ = {isa = PBXFileReference; lastKnownFileType = sourcecode.c.objc; path = main.m; sourceTree = "<group>"; };
		1C54BCAB15BE839000D6E706 /* RoughSet-Prefix.pch */ = {isa = PBXFileReference; path = "RoughSet-Prefix.pch"; sourceTree = "<group>"; };
		1C54BCAC15BE839000D6E706 /* AppDelegate.h */ = {isa = PBXFileReference; path = AppDelegate.h; sourceTree = "<group>"; };
		1C54BCAD15BE839000D6E706 /* AppDelegate.m */ = {isa = PBXFileReference; lastKnownFileType = sourcecode.c.objc; path = AppDelegate.m; sourceTree = "<group>"; };
		1C54BCB415BE839000D6E706 /* RoughSetTests.octest */ = {isa = PBXFileReference; explicitFileType = wrapper.cfbundle; includeInIndex = 0; path = RoughSetTests.octest; sourceTree = BUILT_PRODUCTS_DIR; };
		1C54BCB515BE839000D6E706 /* SenTestingKit.framework */ = {isa = PBXFileReference; lastKnownFileType = wrapper.framework; name = SenTestingKit.framework; path = Library/Frameworks/SenTestingKit.framework; sourceTree = DEVELOPER_DIR; };
		1C54BCBD15BE839000D6E706 /* RoughSetTests-Info.plist */ = {isa = PBXFileReference; path = "RoughSetTests-Info.plist"; sourceTree = "<group>"; };
		1C54BCBF15BE839000D6E706 /* en */ = {isa = PBXFileReference; lastKnownFileType = text.plist.strings; name = en; path = en.lproj/InfoPlist.strings; sourceTree = "<group>"; };
		1C54BCC115BE839000D6E706 /* RoughSetTests.h */ = {isa = PBXFileReference; path = RoughSetTests.h; sourceTree = "<group>"; };
		1C54BCC215BE839000D6E706 /* RoughSetTests.m */ = {isa = PBXFileReference; lastKnownFileType = sourcecode.c.objc; path = RoughSetTests.m; sourceTree = "<group>"; };
/* End PBXFileReference section */

/* Begin PBXFrameworksBuildPhase section */
		1C54BC9615BE839000D6E706 /* Frameworks */ = {
			isa = PBXFrameworksBuildPhase;
			buildActionMask = 2147483647;
			files = (
				1C54BC9E15BE839000D6E706 /* UIKit.framework in Frameworks */,
				1C54BCA015BE839000D6E706 /* Foundation.framework in Frameworks */,
				1C54BCA215BE839000D6E706 /* CoreGraphics.framework in Frameworks */,
			);
			runOnlyForDeploymentPostprocessing = 0;
		};
		1C54BCB015BE839000D6E706 /* Frameworks */ = {
			isa = PBXFrameworksBuildPhase;
			buildActionMask = 2147483647;
			files = (
				1C54BCB615BE839000D6E706 /* SenTestingKit.framework in Frameworks */,
				1C54BCB715BE839000D6E706 /* UIKit.framework in Frameworks */,
				1C54BCB815BE839000D6E706 /* Foundation.framework in Frameworks */,
			);
			runOnlyForDeploymentPostprocessing = 0;
		};
/* End PBXFrameworksBuildPhase section */

/* Begin PBXGroup section */
		1C54BC8E15BE839000D6E706 = {
			isa = PBXGroup;
			children = (
				1C54BCA315BE839000D6E706 /* RoughSet */,
				1C54BCBB15BE839000D6E706 /* RoughSetTests */,
				1C54BC9C15BE839000D6E706 /* Frameworks */,
				1C54BC9A15BE839000D6E706 /* Products */,
			);
			sourceTree = "<group>";
		};
		1C54BC9A15BE839000D6E706 /* Products */ = {
			isa = PBXGroup;
			children = (
				1C54BC9915BE839000D6E706 /* RoughSet.app */,
				1C54BCB415BE839000D6E706 /* RoughSetTests.octest */,
			);
			name = Products;
			sourceTree = "<group>";
		};
		1C54BC9C15BE839000D6E706 /* Frameworks */ = {
			isa = PBXGroup;
			children = (
				1C54BC9D15BE839000D6E706 /* UIKit.framework */,
				1C54BC9F15BE839000D6E706 /* Foundation.framework */,
				1C54BCA115BE839000D6E706 /* CoreGraphics.framework */,
				1C54BCB515BE839000D6E706 /* SenTestingKit.framework */,
			);
			name = Frameworks;
			sourceTree = "<group>";
		};
		1C54BCA315BE839000D6E706 /* RoughSet */ = {
			isa = PBXGroup;
			children = (
				1C54BCAC15BE839000D6E706 /* AppDelegate.h */,
				1C54BCAD15BE839000D6E706 /* AppDelegate.m */,
				1C54BCA415BE839000D6E706 /* Supporting Files */,
			);
			path = RoughSet;
			sourceTree = "<group>";
		};
		1C54BCA415BE839000D6E706 /* Supporting Files */ = {
			isa = PBXGroup;
			children = (
				1C54BCA515BE839000D6E706 /* RoughSet-Info.plist */,
				1C54BCA615BE839000D6E706 /* InfoPlist.strings */,
				1C54BCA915BE839000D6E706 /* main.m */,
				1C54BCAB15BE839000D6E706 /* RoughSet-Prefix.pch */,
			);
			name = "Supporting Files";
			sourceTree = "<group>";
		};
		1C54BCBB15BE839000D6E706 /* RoughSetTests */ = {
			isa = PBXGroup;
			children = (
				1C54BCC115BE839000D6E706 /* RoughSetTests.h */,
				1C54BCC215BE839000D6E706 /* RoughSetTests.m */,
				1C54BCBC15BE839000D6E706 /* Supporting Files */,
			);
			path = RoughSetTests;
			sourceTree = "<group>";
		};
		1C54BCBC15BE839000D6E706 /* Supporting Files */ = {
			isa = PBXGroup;
			children = (
				1C54BCBD15BE839000D6E706 /* RoughSetTests-Info.plist */,
				1C54BCBE15BE839000D6E706 /* InfoPlist.strings */,
			);
			name = "Supporting Files";
			sourceTree = "<group>";
		};
/* End PBXGroup section */

/* Begin PBXNativeTarget section */
		1C54BC9815BE839000D6E706 /* RoughSet */ = {
			isa = PBXNativeTarget;
			buildConfigurationList = 1C54BCC615BE839000D6E706 /* Build configuration list for PBXNativeTarget "RoughSet" */;
			buildPhases = (
				1C54BC9515BE839000D6E706 /* Sources */,
				1C54BC9615BE839000D6E706 /* Frameworks */,
				1C54BC9715BE839000D6E706 /* Resources */,
			);
			buildRules = (
			);
			dependencies = (
			);
			name = RoughSet;
			productName = RoughSet;
			productReference = 1C54BC9915BE839000D6E706 /* RoughSet.app */;
			productType = "com.apple.product-type.application";
		};
		1C54BCB315BE839000D6E706 /* RoughSetTests */ = {
			isa = PBXNativeTarget;
			buildConfigurationList = 1C54BCC915BE839000D6E706 /* Build configuration list for PBXNativeTarget "RoughSetTests" */;
			buildPhases = (
				1C54BCAF15BE839000D6E706 /* Sources */,
				1C54BCB015BE839000D6E706 /* Frameworks */,
				1C54BCB115BE839000D6E706 /* Resources */,
				1C54BCB215BE839000D6E706 /* ShellScript */,
			);
			buildRules = (
			);
			dependencies = (
				1C54BCBA15BE839000D6E706 /* PBXTargetDependency */,
			);
			name = RoughSetTests;
			productName = RoughSetTests;
			productReference = 1C54BCB415BE839000D6E706 /* RoughSetTests.octest */;
			productType = "com.apple.product-type.bundle";
		};
/* End PBXNativeTarget section */

/* Begin PBXProject section */
		1C54BC9015BE839000D6E706 /* Project object */ = {
			isa = PBXProject;
			attributes = {
				LastUpgradeCheck = 0430;
			};
			buildConfigurationList = 1C54BC9315BE839000D6E706 /* Build configuration list for PBXProject "RoughSet" */;
			compatibilityVersion = "Xcode 3.2";
			developmentRegion = English;
			hasScannedForEncodings = 0;
			knownRegions = (
				en,
			);
			mainGroup = 1C54BC8E15BE839000D6E706;
			productRefGroup = 1C54BC9A15BE839000D6E706 /* Products */;
			projectDirPath = "";
			projectRoot = "";
			targets = (
				1C54BC9815BE839000D6E706 /* RoughSet */,
				1C54BCB315BE839000D6E706 /* RoughSetTests */,
			);
		};
/* End PBXProject section */

/* Begin PBXResourcesBuildPhase section */
		1C54BC9715BE839000D6E706 /* Resources */ = {
			isa = PBXResourcesBuildPhase;
			buildActionMask = 2147483647;
			files = (
				1C54BCA815BE839000D6E706 /* InfoPlist.strings in Resources */,
			);
			runOnlyForDeploymentPostprocessing = 0;
		};
		1C54BCB115BE839000D6E706 /* Resources */ = {
			isa = PBXResourcesBuildPhase;
			buildActionMask = 2147483647;
			files = (
				1C54BCC015BE839000D6E706 /* InfoPlist.strings in Resources */,
			);
			runOnlyForDeploymentPostprocessing = 0;
		};
/* End PBXResourcesBuildPhase section */

/* Begin PBXShellScriptBuildPhase section */
		1C54BCB215BE839000D6E706 /* ShellScript */ = {
			isa = PBXShellScriptBuildPhase;
			buildActionMask = 2147483647;
			files = (
			);
			inputPaths = (
			);
			outputPaths = (
			);
			runOnlyForDeploymentPostprocessing = 0;
			shellPath = /bin/sh;
			shellScript = "# Run the unit tests in this test bundle.\n\"${SYSTEM_DEVELOPER_DIR}/Tools/RunUnitTests\"\n";
		};
/* End PBXShellScriptBuildPhase section */

/* Begin PBXSourcesBuildPhase section */
		1C54BC9515BE839000D6E706 /* Sources */ = {
			isa = PBXSourcesBuildPhase;
			buildActionMask = 2147483647;
			files = (
				1C54BCAA15BE839000D6E706 /* main.m in Sources */,
				1C54BCAE15BE839000D6E706 /* AppDelegate.m in Sources */,
			);
			runOnlyForDeploymentPostprocessing = 0;
		};
		1C54BCAF15BE839000D6E706 /* Sources */ = {
			isa = PBXSourcesBuildPhase;
			buildActionMask = 2147483647;
			files = (
				1C54BCC315BE839000D6E706 /* RoughSetTests.m in Sources */,
			);
			runOnlyForDeploymentPostprocessing = 0;
		};
/* End PBXSourcesBuildPhase section */

/* Begin PBXTargetDependency section */
		1C54BCBA15BE839000D6E706 /* PBXTargetDependency */ = {
			isa = PBXTargetDependency;
			target = 1C54BC9815BE839000D6E706 /* RoughSet */;
			targetProxy = 1C54BCB915BE839000D6E706 /* PBXContainerItemProxy */;
		};
/* End PBXTargetDependency section */

/* Begin PBXVariantGroup section */
		1C54BCA615BE839000D6E706 /* InfoPlist.strings */ = {
			isa = PBXVariantGroup;
			children = (
				1C54BCA715BE839000D6E706 /* en */,
			);
			name = InfoPlist.strings;
			sourceTree = "<group>";
		};
		1C54BCBE15BE839000D6E706 /* InfoPlist.strings */ = {
			isa = PBXVariantGroup;
			children = (
				1C54BCBF15BE839000D6E706 /* en */,
			);
			name = InfoPlist.strings;
			sourceTree = "<group>";
		};
/* End PBXVariantGroup section */

/* Begin XCBuildConfiguration section */
		1C54BCC415BE839000D6E706 /* Debug */ = {
			isa = XCBuildConfiguration;
			buildSettings = {
				ALWAYS_SEARCH_USER_PATHS = NO;
				ARCHS = "$(ARCHS_STANDARD_32_BIT)";
				CLANG_ENABLE_OBJC_ARC = YES;
				"CODE_SIGN_IDENTITY[sdk=iphoneos*]" = "iPhone Developer";
				COPY_PHASE_STRIP = NO;
				GCC_C_LANGUAGE_STANDARD = gnu99;
				GCC_DYNAMIC_NO_PIC = NO;
				GCC_OPTIMIZATION_LEVEL = 0;
				GCC_PREPROCESSOR_DEFINITIONS = (
					"DEBUG=1",
					"$(inherited)",
				);
				GCC_SYMBOLS_PRIVATE_EXTERN = NO;
				GCC_VERSION = com.apple.compilers.llvm.clang.1_0;
				GCC_WARN_ABOUT_RETURN_TYPE = YES;
				GCC_WARN_UNINITIALIZED_AUTOS = YES;
				GCC_WARN_UNUSED_VARIABLE = YES;
				IPHONEOS_DEPLOYMENT_TARGET = 5.1;
				SDKROOT = iphoneos;
			};
			name = Debug;
		};
		1C54BCC515BE839000D6E706 /* Release */ = {
			isa = XCBuildConfiguration;
			buildSettings = {
				ALWAYS_SEARCH_USER_PATHS = NO;
				ARCHS = "$(ARCHS_STANDARD_32_BIT)";
				CLANG_ENABLE_OBJC_ARC = YES;
				"CODE_SIGN_IDENTITY[sdk=iphoneos*]" = "iPhone Developer";
				COPY_PHASE_STRIP = YES;
				GCC_C_LANGUAGE_STANDARD = gnu99;
				GCC_VERSION = com.apple.compilers.llvm.clang.1_0;
				GCC_WARN_ABOUT_RETURN_TYPE = YES;
				GCC_WARN_UNINITIALIZED_AUTOS = YES;
				GCC_WARN_UNUSED_VARIABLE = YES;
				IPHONEOS_DEPLOYMENT_TARGET = 5.1;
				OTHER_CFLAGS = "-DNS_BLOCK_ASSERTIONS=1";
				SDKROOT = iphoneos;
				VALIDATE_PRODUCT = YES;
			};
			name = Release;
		};
		1C54BCC715BE839000D6E706 /* Debug */ = {
			isa = XCBuildConfiguration;
			buildSettings = {
				GCC_PRECOMPILE_PREFIX_HEADER = YES;
				GCC_PREFIX_HEADER = "RoughSet/RoughSet-Prefix.pch";
				INFOPLIST_FILE = "RoughSet/RoughSet-Info.plist";
				PRODUCT_NAME = "$(TARGET_NAME)";
				WRAPPER_EXTENSION = app;
			};
			name = Debug;
		};
		1C54BCC815BE839000D6E706 /* Release */ = {
			isa = XCBuildConfiguration;
			buildSettings = {
				GCC_PRECOMPILE_PREFIX_HEADER = YES;
				GCC_PREFIX_HEADER = "RoughSet/RoughSet-Prefix.pch";
				INFOPLIST_FILE = "RoughSet/RoughSet-Info.plist";
				PRODUCT_NAME = "$(TARGET_NAME)";
				WRAPPER_EXTENSION = app;
			};
			name = Release;
		};
		1C54BCCA15BE839000D6E706 /* Debug */ = {
			isa = XCBuildConfiguration;
			buildSettings = {
				BUNDLE_LOADER = "$(BUILT_PRODUCTS_DIR)/RoughSet.app/RoughSet";
				FRAMEWORK_SEARCH_PATHS = (
					"$(SDKROOT)/Developer/Library/Frameworks",
					"$(DEVELOPER_LIBRARY_DIR)/Frameworks",
				);
				GCC_PRECOMPILE_PREFIX_HEADER = YES;
				GCC_PREFIX_HEADER = "RoughSet/RoughSet-Prefix.pch";
				INFOPLIST_FILE = "RoughSetTests/RoughSetTests-Info.plist";
				PRODUCT_NAME = "$(TARGET_NAME)";
				TEST_HOST = "$(BUNDLE_LOADER)";
				WRAPPER_EXTENSION = octest;
			};
			name = Debug;
		};
		1C54BCCB15BE839000D6E706 /* Release */ = {
			isa = XCBuildConfiguration;
			buildSettings = {
				BUNDLE_LOADER = "$(BUILT_PRODUCTS_DIR)/RoughSet.app/RoughSet";
				FRAMEWORK_SEARCH_PATHS = (
					"$(SDKROOT)/Developer/Library/Frameworks",
					"$(DEVELOPER_LIBRARY_DIR)/Frameworks",
				);
				GCC_PRECOMPILE_PREFIX_HEADER = YES;
				GCC_PREFIX_HEADER = "RoughSet/RoughSet-Prefix.pch";
				INFOPLIST_FILE = "RoughSetTests/RoughSetTests-Info.plist";
				PRODUCT_NAME = "$(TARGET_NAME)";
				TEST_HOST = "$(BUNDLE_LOADER)";
				WRAPPER_EXTENSION = octest;
			};
			name = Release;
		};
/* End XCBuildConfiguration section */

/* Begin XCConfigurationList section */
		1C54BC9315BE839000D6E706 /* Build configuration list for PBXProject "RoughSet" */ = {
			isa = XCConfigurationList;
			buildConfigurations = (
				1C54BCC415BE839000D6E706 /* Debug */,
				1C54BCC515BE839000D6E706 /* Release */,
			);
			defaultConfigurationIsVisible = 0;
			defaultConfigurationName = Release;
		};
		1C54BCC615BE839000D6E706 /* Build configuration list for PBXNativeTarget "RoughSet" */ = {
			isa = XCConfigurationList;
			buildConfigurations = (
				1C54BCC715BE839000D6E706 /* Debug */,
				1C54BCC815BE839000D6E706 /* Release */,
			);
			defaultConfigurationIsVisible = 0;
		};
		1C54BCC915BE839000D6E706 /* Build configuration list for PBXNativeTarget "RoughSetTests" */ = {
			isa = XCConfigurationList;
			buildConfigurations = (
				1C54BCCA15BE839000D6E706 /* Debug */,
				1C54BCCB15BE839000D6E706 /* Release */,
			);
			defaultConfigurationIsVisible = 0;
		};
/* End XCConfigurationList section */
	};
	rootObject = 1C54BC9015BE839000D6E706 /* Project object */;
}
